
Microsoft Visual Studio Solution File, Format Version 12.00
# Visual Studio Version 17
VisualStudioVersion = 17.3.32929.385
MinimumVisualStudioVersion = 10.0.40219.1
Project("{FAE04EC0-301F-11D3-BF4B-00C04F79EFBC}") = "SifrelemeProje", "SifrelemeProje\SifrelemeProje.csproj", "{70C7221B-F7B3-4190-A5E6-688C2A8308D8}"
EndProject
Global
	GlobalSection(SolutionConfigurationPlatforms) = preSolution
		Debug|Any CPU = Debug|Any CPU
		Release|Any CPU = Release|Any CPU
	EndGlobalSection
	GlobalSection(ProjectConfigurationPlatforms) = postSolution
		{70C7221B-F7B3-4190-A5E6-688C2A8308D8}.Debug|Any CPU.ActiveCfg = Debug|Any CPU
		{70C7221B-F7B3-4190-A5E6-688C2A8308D8}.Debug|Any CPU.Build.0 = Debug|Any CPU
		{70C7221B-F7B3-4190-A5E6-688C2A8308D8}.Release|Any CPU.ActiveCfg = Release|Any CPU
		{70C7221B-F7B3-4190-A5E6-688C2A8308D8}.Release|Any CPU.Build.0 = Release|Any CPU
	EndGlobalSection
	GlobalSection(SolutionProperties) = preSolution
		HideSolutionNode = FALSE
	EndGlobalSection
	GlobalSection(ExtensibilityGlobals) = postSolution
		SolutionGuid = {09B69C92-3970-4E22-B47A-E36A56D1C818}
	EndGlobalSection
EndGlobal
